<?xml version="1.0" encoding="utf-8"?>
<Project ToolsVersion="4.0" xmlns="http://schemas.microsoft.com/developer/msbuild/2003">
  <ItemGroup>
    <Filter Include="소스 파일">
      <UniqueIdentifier>{4FC737F1-C7A5-4376-A066-2A32D752A2FF}</UniqueIdentifier>
      <Extensions>cpp;c;cc;cxx;def;odl;idl;hpj;bat;asm;asmx</Extensions>
    </Filter>
    <Filter Include="헤더 파일">
      <UniqueIdentifier>{93995380-89BD-4b04-88EB-625FBE52EBFB}</UniqueIdentifier>
      <Extensions>h;hh;hpp;hxx;hm;inl;inc;xsd</Extensions>
    </Filter>
    <Filter Include="리소스 파일">
      <UniqueIdentifier>{67DA6AB6-F800-4c08-8B7A-83BB121AAD01}</UniqueIdentifier>
      <Extensions>rc;ico;cur;bmp;dlg;rc2;rct;bin;rgs;gif;jpg;jpeg;jpe;resx;tiff;tif;png;wav;mfcribbon-ms</Extensions>
    </Filter>
  </ItemGroup>
  <ItemGroup>
    <ClInclude Include="Graphicsclass.h">
      <Filter>헤더 파일</Filter>
    </ClInclude>
    <ClInclude Include="d3dclass.h">
      <Filter>헤더 파일</Filter>
    </ClInclude>
    <ClInclude Include="systemclass.h">
      <Filter>헤더 파일</Filter>
    </ClInclude>
    <ClInclude Include="inputclass.h">
      <Filter>헤더 파일</Filter>
    </ClInclude>
    <ClInclude Include="Modelclass.h">
      <Filter>헤더 파일</Filter>
    </ClInclude>
    <ClInclude Include="Colorshaderclass.h">
      <Filter>헤더 파일</Filter>
    </ClInclude>
    <ClInclude Include="Cameraclass.h">
      <Filter>헤더 파일</Filter>
    </ClInclude>
    <ClInclude Include="textureclass.h">
      <Filter>헤더 파일</Filter>
    </ClInclude>
    <ClInclude Include="textureshaderclass.h">
      <Filter>헤더 파일</Filter>
    </ClInclude>
    <ClInclude Include="lightshaderclass.h">
      <Filter>헤더 파일</Filter>
    </ClInclude>
    <ClInclude Include="lightclass.h">
      <Filter>헤더 파일</Filter>
    </ClInclude>
    <ClInclude Include="Bitmapclass.h">
      <Filter>헤더 파일</Filter>
    </ClInclude>
    <ClInclude Include="FontClass.h">
      <Filter>헤더 파일</Filter>
    </ClInclude>
    <ClInclude Include="FontShaderClass.h">
      <Filter>헤더 파일</Filter>
    </ClInclude>
    <ClInclude Include="TextClass.h">
      <Filter>헤더 파일</Filter>
    </ClInclude>
    <ClInclude Include="FpsClass.h">
      <Filter>헤더 파일</Filter>
    </ClInclude>
    <ClInclude Include="CpuClass.h">
      <Filter>헤더 파일</Filter>
    </ClInclude>
    <ClInclude Include="TimerClass.h">
      <Filter>헤더 파일</Filter>
    </ClInclude>
    <ClInclude Include="Skydomeclass.h">
      <Filter>헤더 파일</Filter>
    </ClInclude>
    <ClInclude Include="SkydomeShaderClass.h">
      <Filter>헤더 파일</Filter>
    </ClInclude>
    <ClInclude Include="WaterShaderClass.h">
      <Filter>헤더 파일</Filter>
    </ClInclude>
    <ClInclude Include="RefractionShaderClass.h">
      <Filter>헤더 파일</Filter>
    </ClInclude>
    <ClInclude Include="rendertextureclass.h">
      <Filter>헤더 파일</Filter>
    </ClInclude>
    <ClInclude Include="TerrainClass.h">
      <Filter>헤더 파일</Filter>
    </ClInclude>
    <ClInclude Include="TerrainShaderClass.h">
      <Filter>헤더 파일</Filter>
    </ClInclude>
    <ClInclude Include="ReflectionShaderClass.h">
      <Filter>헤더 파일</Filter>
    </ClInclude>
    <ClInclude Include="WaterClass.h">
      <Filter>헤더 파일</Filter>
    </ClInclude>
    <ClInclude Include="SkyPlaneClass.h">
      <Filter>헤더 파일</Filter>
    </ClInclude>
    <ClInclude Include="SkyPlaneShaderClass.h">
      <Filter>헤더 파일</Filter>
    </ClInclude>
    <ClInclude Include="particlesystemclass.h">
      <Filter>헤더 파일</Filter>
    </ClInclude>
    <ClInclude Include="particleshaderclass.h">
      <Filter>헤더 파일</Filter>
    </ClInclude>
    <ClInclude Include="fireshaderclass.h">
      <Filter>헤더 파일</Filter>
    </ClInclude>
    <ClInclude Include="EffectmodelClass.h">
      <Filter>헤더 파일</Filter>
    </ClInclude>
    <ClInclude Include="transparentshaderclass.h">
      <Filter>헤더 파일</Filter>
    </ClInclude>
    <ClInclude Include="s_lightshaderclass.h">
      <Filter>헤더 파일</Filter>
    </ClInclude>
    <ClInclude Include="soundclass.h">
      <Filter>헤더 파일</Filter>
    </ClInclude>
  </ItemGroup>
  <ItemGroup>
    <ClCompile Include="Graphicsclass.cpp">
      <Filter>소스 파일</Filter>
    </ClCompile>
    <ClCompile Include="d3dclass.cpp">
      <Filter>소스 파일</Filter>
    </ClCompile>
    <ClCompile Include="systemclass.cpp">
      <Filter>소스 파일</Filter>
    </ClCompile>
    <ClCompile Include="main.cpp">
      <Filter>소스 파일</Filter>
    </ClCompile>
    <ClCompile Include="inputclass.cpp">
      <Filter>소스 파일</Filter>
    </ClCompile>
    <ClCompile Include="Modelclass.cpp">
      <Filter>소스 파일</Filter>
    </ClCompile>
    <ClCompile Include="Colorshaderclass.cpp">
      <Filter>소스 파일</Filter>
    </ClCompile>
    <ClCompile Include="Cameraclass.cpp">
      <Filter>소스 파일</Filter>
    </ClCompile>
    <ClCompile Include="textureclass.cpp">
      <Filter>소스 파일</Filter>
    </ClCompile>
    <ClCompile Include="textureshaderclass.cpp">
      <Filter>소스 파일</Filter>
    </ClCompile>
    <ClCompile Include="lightshaderclass.cpp">
      <Filter>소스 파일</Filter>
    </ClCompile>
    <ClCompile Include="lightclass.cpp">
      <Filter>소스 파일</Filter>
    </ClCompile>
    <ClCompile Include="Bitmapclass.cpp">
      <Filter>소스 파일</Filter>
    </ClCompile>
    <ClCompile Include="FontClass.cpp">
      <Filter>소스 파일</Filter>
    </ClCompile>
    <ClCompile Include="FontShaderClass.cpp">
      <Filter>소스 파일</Filter>
    </ClCompile>
    <ClCompile Include="TextClass.cpp">
      <Filter>소스 파일</Filter>
    </ClCompile>
    <ClCompile Include="FpsClass.cpp">
      <Filter>소스 파일</Filter>
    </ClCompile>
    <ClCompile Include="CpuClass.cpp">
      <Filter>소스 파일</Filter>
    </ClCompile>
    <ClCompile Include="TimerClass.cpp">
      <Filter>소스 파일</Filter>
    </ClCompile>
    <ClCompile Include="Skydomeclass.cpp">
      <Filter>소스 파일</Filter>
    </ClCompile>
    <ClCompile Include="SkydomeShaderClass.cpp">
      <Filter>소스 파일</Filter>
    </ClCompile>
    <ClCompile Include="WaterShaderClass.cpp">
      <Filter>소스 파일</Filter>
    </ClCompile>
    <ClCompile Include="RefractionShaderClass.cpp">
      <Filter>소스 파일</Filter>
    </ClCompile>
    <ClCompile Include="rendertextureclass.cpp">
      <Filter>소스 파일</Filter>
    </ClCompile>
    <ClCompile Include="TerrainClass.cpp">
      <Filter>소스 파일</Filter>
    </ClCompile>
    <ClCompile Include="TerrainShaderClass.cpp">
      <Filter>소스 파일</Filter>
    </ClCompile>
    <ClCompile Include="ReflectionShaderClass.cpp">
      <Filter>소스 파일</Filter>
    </ClCompile>
    <ClCompile Include="WaterClass.cpp">
      <Filter>소스 파일</Filter>
    </ClCompile>
    <ClCompile Include="SkyPlaneClass.cpp">
      <Filter>소스 파일</Filter>
    </ClCompile>
    <ClCompile Include="SkyPlaneShaderClass.cpp">
      <Filter>소스 파일</Filter>
    </ClCompile>
    <ClCompile Include="particlesystemclass.cpp">
      <Filter>소스 파일</Filter>
    </ClCompile>
    <ClCompile Include="particleshaderclass.cpp">
      <Filter>소스 파일</Filter>
    </ClCompile>
    <ClCompile Include="fireshaderclass.cpp">
      <Filter>소스 파일</Filter>
    </ClCompile>
    <ClCompile Include="EffectmodelClass.cpp">
      <Filter>소스 파일</Filter>
    </ClCompile>
    <ClCompile Include="transparentshaderclass.cpp">
      <Filter>소스 파일</Filter>
    </ClCompile>
    <ClCompile Include="s_lightshaderclass.cpp">
      <Filter>소스 파일</Filter>
    </ClCompile>
    <ClCompile Include="soundclass.cpp">
      <Filter>소스 파일</Filter>
    </ClCompile>
  </ItemGroup>
  <ItemGroup>
    <None Include="color.ps">
      <Filter>소스 파일</Filter>
    </None>
    <None Include="color.vs">
      <Filter>소스 파일</Filter>
    </None>
    <None Include="texture.vs">
      <Filter>소스 파일</Filter>
    </None>
    <None Include="texture.ps">
      <Filter>소스 파일</Filter>
    </None>
    <None Include="light.vs">
      <Filter>소스 파일</Filter>
    </None>
    <None Include="light.ps">
      <Filter>소스 파일</Filter>
    </None>
    <None Include="Font.vs">
      <Filter>소스 파일</Filter>
    </None>
    <None Include="Font.ps">
      <Filter>소스 파일</Filter>
    </None>
    <None Include="Skydome.vs">
      <Filter>소스 파일</Filter>
    </None>
    <None Include="Skydome.ps">
      <Filter>소스 파일</Filter>
    </None>
    <None Include="water.vs">
      <Filter>소스 파일</Filter>
    </None>
    <None Include="water.ps">
      <Filter>소스 파일</Filter>
    </None>
    <None Include="refraction.vs">
      <Filter>소스 파일</Filter>
    </None>
    <None Include="refraction.ps">
      <Filter>소스 파일</Filter>
    </None>
    <None Include="Terrain.vs">
      <Filter>소스 파일</Filter>
    </None>
    <None Include="Terrain.ps">
      <Filter>소스 파일</Filter>
    </None>
    <None Include="reflection.vs">
      <Filter>소스 파일</Filter>
    </None>
    <None Include="reflection.ps">
      <Filter>소스 파일</Filter>
    </None>
    <None Include="skyplane.vs">
      <Filter>소스 파일</Filter>
    </None>
    <None Include="skyplane.ps">
      <Filter>소스 파일</Filter>
    </None>
    <None Include="particle.ps">
      <Filter>소스 파일</Filter>
    </None>
    <None Include="particle.vs">
      <Filter>소스 파일</Filter>
    </None>
    <None Include="fire.ps">
      <Filter>소스 파일</Filter>
    </None>
    <None Include="fire.vs">
      <Filter>소스 파일</Filter>
    </None>
    <None Include="transparent.vs">
      <Filter>소스 파일</Filter>
    </None>
    <None Include="transparent.ps">
      <Filter>소스 파일</Filter>
    </None>
    <None Include="S_light.ps">
      <Filter>소스 파일</Filter>
    </None>
    <None Include="S_light.vs">
      <Filter>소스 파일</Filter>
    </None>
  </ItemGroup>
  <ItemGroup>
    <Text Include="cube.txt">
      <Filter>소스 파일</Filter>
    </Text>
    <Text Include="four.txt">
      <Filter>소스 파일</Filter>
    </Text>
    <Text Include="five.txt">
      <Filter>소스 파일</Filter>
    </Text>
    <Text Include="fontdata.txt">
      <Filter>소스 파일</Filter>
    </Text>
  </ItemGroup>
</Project>